
Microsoft Visual Studio Solution File, Format Version 12.00
# Visual Studio Version 16
VisualStudioVersion = 16.0.32413.511
MinimumVisualStudioVersion = 10.0.40219.1
Project("{FAE04EC0-301F-11D3-BF4B-00C04F79EFBC}") = "AppStablitor", "AppStablitor\AppStablitor.csproj", "{B46D095F-6227-43A7-8E8E-FB1FDDF9244F}"
EndProject
Global
	GlobalSection(SolutionConfigurationPlatforms) = preSolution
		Debug|Any CPU = Debug|Any CPU
		Release|Any CPU = Release|Any CPU
	EndGlobalSection
	GlobalSection(ProjectConfigurationPlatforms) = postSolution
		{B46D095F-6227-43A7-8E8E-FB1FDDF9244F}.Debug|Any CPU.ActiveCfg = Debug|Any CPU
		{B46D095F-6227-43A7-8E8E-FB1FDDF9244F}.Debug|Any CPU.Build.0 = Debug|Any CPU
		{B46D095F-6227-43A7-8E8E-FB1FDDF9244F}.Release|Any CPU.ActiveCfg = Release|Any CPU
		{B46D095F-6227-43A7-8E8E-FB1FDDF9244F}.Release|Any CPU.Build.0 = Release|Any CPU
	EndGlobalSection
	GlobalSection(SolutionProperties) = preSolution
		HideSolutionNode = FALSE
	EndGlobalSection
	GlobalSection(ExtensibilityGlobals) = postSolution
		SolutionGuid = {9C4B5DA8-2116-4F95-8B51-21D135376C25}
	EndGlobalSection
EndGlobal
